
Microsoft Visual Studio Solution File, Format Version 12.00
# Visual Studio Version 17
VisualStudioVersion = 17.14.36221.1 d17.14
MinimumVisualStudioVersion = 10.0.40219.1
Project("{FAE04EC0-301F-11D3-BF4B-00C04F79EFBC}") = "TP NUM1  GITHUB", "TP NUM1  GITHUB\TP NUM1  GITHUB.csproj", "{5429C37A-7757-439D-93B2-862AACCD68CA}"
EndProject
Global
	GlobalSection(SolutionConfigurationPlatforms) = preSolution
		Debug|Any CPU = Debug|Any CPU
		Release|Any CPU = Release|Any CPU
	EndGlobalSection
	GlobalSection(ProjectConfigurationPlatforms) = postSolution
		{5429C37A-7757-439D-93B2-862AACCD68CA}.Debug|Any CPU.ActiveCfg = Debug|Any CPU
		{5429C37A-7757-439D-93B2-862AACCD68CA}.Debug|Any CPU.Build.0 = Debug|Any CPU
		{5429C37A-7757-439D-93B2-862AACCD68CA}.Release|Any CPU.ActiveCfg = Release|Any CPU
		{5429C37A-7757-439D-93B2-862AACCD68CA}.Release|Any CPU.Build.0 = Release|Any CPU
	EndGlobalSection
	GlobalSection(SolutionProperties) = preSolution
		HideSolutionNode = FALSE
	EndGlobalSection
	GlobalSection(ExtensibilityGlobals) = postSolution
		SolutionGuid = {E2B221E8-A2CA-4B70-948A-16F0F9FB3ECB}
	EndGlobalSection
EndGlobal
